
Microsoft Visual Studio Solution File, Format Version 12.00
# Visual Studio Version 17
VisualStudioVersion = 17.12.35506.116 d17.12
MinimumVisualStudioVersion = 10.0.40219.1
Project("{FAE04EC0-301F-11D3-BF4B-00C04F79EFBC}") = "BlogApi", "BlogApi\BlogApi.csproj", "{DB898653-9F99-40F0-B2BB-EDABB2D1B0B2}"
EndProject
Project("{FAE04EC0-301F-11D3-BF4B-00C04F79EFBC}") = "UserApi", "UserApi\UserApi.csproj", "{042889C3-DD39-416A-9B6A-A2D4FE4CBB7E}"
EndProject
Project("{FAE04EC0-301F-11D3-BF4B-00C04F79EFBC}") = "ApiGateway", "ApiGateway\ApiGateway.csproj", "{CF5E4DBB-1B0A-45EE-8A9E-6DE598E018E2}"
EndProject
Global
	GlobalSection(SolutionConfigurationPlatforms) = preSolution
		Debug|Any CPU = Debug|Any CPU
		Release|Any CPU = Release|Any CPU
	EndGlobalSection
	GlobalSection(ProjectConfigurationPlatforms) = postSolution
		{DB898653-9F99-40F0-B2BB-EDABB2D1B0B2}.Debug|Any CPU.ActiveCfg = Debug|Any CPU
		{DB898653-9F99-40F0-B2BB-EDABB2D1B0B2}.Debug|Any CPU.Build.0 = Debug|Any CPU
		{DB898653-9F99-40F0-B2BB-EDABB2D1B0B2}.Release|Any CPU.ActiveCfg = Release|Any CPU
		{DB898653-9F99-40F0-B2BB-EDABB2D1B0B2}.Release|Any CPU.Build.0 = Release|Any CPU
		{042889C3-DD39-416A-9B6A-A2D4FE4CBB7E}.Debug|Any CPU.ActiveCfg = Debug|Any CPU
		{042889C3-DD39-416A-9B6A-A2D4FE4CBB7E}.Debug|Any CPU.Build.0 = Debug|Any CPU
		{042889C3-DD39-416A-9B6A-A2D4FE4CBB7E}.Release|Any CPU.ActiveCfg = Release|Any CPU
		{042889C3-DD39-416A-9B6A-A2D4FE4CBB7E}.Release|Any CPU.Build.0 = Release|Any CPU
		{CF5E4DBB-1B0A-45EE-8A9E-6DE598E018E2}.Debug|Any CPU.ActiveCfg = Debug|Any CPU
		{CF5E4DBB-1B0A-45EE-8A9E-6DE598E018E2}.Debug|Any CPU.Build.0 = Debug|Any CPU
		{CF5E4DBB-1B0A-45EE-8A9E-6DE598E018E2}.Release|Any CPU.ActiveCfg = Release|Any CPU
		{CF5E4DBB-1B0A-45EE-8A9E-6DE598E018E2}.Release|Any CPU.Build.0 = Release|Any CPU
	EndGlobalSection
	GlobalSection(SolutionProperties) = preSolution
		HideSolutionNode = FALSE
	EndGlobalSection
EndGlobal
